
Microsoft Visual Studio Solution File, Format Version 12.00
# Visual Studio 15
VisualStudioVersion = 15.0.28307.168
MinimumVisualStudioVersion = 10.0.40219.1
Project("{FAE04EC0-301F-11D3-BF4B-00C04F79EFBC}") = "C13_ForeachMinAverage", "C13_ForeachMinAverage\C13_ForeachMinAverage.csproj", "{A29124B2-FE4E-4379-80B5-1A513EA6E5BD}"
EndProject
Global
	GlobalSection(SolutionConfigurationPlatforms) = preSolution
		Debug|Any CPU = Debug|Any CPU
		Release|Any CPU = Release|Any CPU
	EndGlobalSection
	GlobalSection(ProjectConfigurationPlatforms) = postSolution
		{A29124B2-FE4E-4379-80B5-1A513EA6E5BD}.Debug|Any CPU.ActiveCfg = Debug|Any CPU
		{A29124B2-FE4E-4379-80B5-1A513EA6E5BD}.Debug|Any CPU.Build.0 = Debug|Any CPU
		{A29124B2-FE4E-4379-80B5-1A513EA6E5BD}.Release|Any CPU.ActiveCfg = Release|Any CPU
		{A29124B2-FE4E-4379-80B5-1A513EA6E5BD}.Release|Any CPU.Build.0 = Release|Any CPU
	EndGlobalSection
	GlobalSection(SolutionProperties) = preSolution
		HideSolutionNode = FALSE
	EndGlobalSection
	GlobalSection(ExtensibilityGlobals) = postSolution
		SolutionGuid = {636BF235-BDCC-4774-8886-F09E0E56A607}
	EndGlobalSection
EndGlobal
