
Microsoft Visual Studio Solution File, Format Version 12.00
# Visual Studio 15
VisualStudioVersion = 15.0.28307.168
MinimumVisualStudioVersion = 10.0.40219.1
Project("{FAE04EC0-301F-11D3-BF4B-00C04F79EFBC}") = "C20_TicTacToe_redo", "C20_TicTacToe_redo\C20_TicTacToe_redo.csproj", "{EA3643CB-8962-4259-A73D-11637C6A8FE5}"
EndProject
Global
	GlobalSection(SolutionConfigurationPlatforms) = preSolution
		Debug|Any CPU = Debug|Any CPU
		Release|Any CPU = Release|Any CPU
	EndGlobalSection
	GlobalSection(ProjectConfigurationPlatforms) = postSolution
		{EA3643CB-8962-4259-A73D-11637C6A8FE5}.Debug|Any CPU.ActiveCfg = Debug|Any CPU
		{EA3643CB-8962-4259-A73D-11637C6A8FE5}.Debug|Any CPU.Build.0 = Debug|Any CPU
		{EA3643CB-8962-4259-A73D-11637C6A8FE5}.Release|Any CPU.ActiveCfg = Release|Any CPU
		{EA3643CB-8962-4259-A73D-11637C6A8FE5}.Release|Any CPU.Build.0 = Release|Any CPU
	EndGlobalSection
	GlobalSection(SolutionProperties) = preSolution
		HideSolutionNode = FALSE
	EndGlobalSection
	GlobalSection(ExtensibilityGlobals) = postSolution
		SolutionGuid = {4FFA1F35-CD79-4FC8-BB38-64F44B9A1B94}
	EndGlobalSection
EndGlobal
