
Microsoft Visual Studio Solution File, Format Version 12.00
# Visual Studio 15
VisualStudioVersion = 15.0.28307.168
MinimumVisualStudioVersion = 10.0.40219.1
Project("{FAE04EC0-301F-11D3-BF4B-00C04F79EFBC}") = "C13_ArrayCopy", "C13_ArrayCopy\C13_ArrayCopy.csproj", "{BC42CBAF-5746-46A6-8BDA-F182CF75C99D}"
EndProject
Global
	GlobalSection(SolutionConfigurationPlatforms) = preSolution
		Debug|Any CPU = Debug|Any CPU
		Release|Any CPU = Release|Any CPU
	EndGlobalSection
	GlobalSection(ProjectConfigurationPlatforms) = postSolution
		{BC42CBAF-5746-46A6-8BDA-F182CF75C99D}.Debug|Any CPU.ActiveCfg = Debug|Any CPU
		{BC42CBAF-5746-46A6-8BDA-F182CF75C99D}.Debug|Any CPU.Build.0 = Debug|Any CPU
		{BC42CBAF-5746-46A6-8BDA-F182CF75C99D}.Release|Any CPU.ActiveCfg = Release|Any CPU
		{BC42CBAF-5746-46A6-8BDA-F182CF75C99D}.Release|Any CPU.Build.0 = Release|Any CPU
	EndGlobalSection
	GlobalSection(SolutionProperties) = preSolution
		HideSolutionNode = FALSE
	EndGlobalSection
	GlobalSection(ExtensibilityGlobals) = postSolution
		SolutionGuid = {7BEB050B-69EB-4257-87EF-369F44C49981}
	EndGlobalSection
EndGlobal
