
Microsoft Visual Studio Solution File, Format Version 12.00
# Visual Studio 15
VisualStudioVersion = 15.0.28307.168
MinimumVisualStudioVersion = 10.0.40219.1
Project("{FAE04EC0-301F-11D3-BF4B-00C04F79EFBC}") = "Outside_Increment", "Outside_Increment\Outside_Increment.csproj", "{0A873DEB-A945-4FDA-9AF3-A7905FB2BD3C}"
EndProject
Global
	GlobalSection(SolutionConfigurationPlatforms) = preSolution
		Debug|Any CPU = Debug|Any CPU
		Release|Any CPU = Release|Any CPU
	EndGlobalSection
	GlobalSection(ProjectConfigurationPlatforms) = postSolution
		{0A873DEB-A945-4FDA-9AF3-A7905FB2BD3C}.Debug|Any CPU.ActiveCfg = Debug|Any CPU
		{0A873DEB-A945-4FDA-9AF3-A7905FB2BD3C}.Debug|Any CPU.Build.0 = Debug|Any CPU
		{0A873DEB-A945-4FDA-9AF3-A7905FB2BD3C}.Release|Any CPU.ActiveCfg = Release|Any CPU
		{0A873DEB-A945-4FDA-9AF3-A7905FB2BD3C}.Release|Any CPU.Build.0 = Release|Any CPU
	EndGlobalSection
	GlobalSection(SolutionProperties) = preSolution
		HideSolutionNode = FALSE
	EndGlobalSection
	GlobalSection(ExtensibilityGlobals) = postSolution
		SolutionGuid = {D94DBA1C-B72A-430D-91CD-55861C5EE8A9}
	EndGlobalSection
EndGlobal
