
Microsoft Visual Studio Solution File, Format Version 12.00
# Visual Studio 15
VisualStudioVersion = 15.0.28307.168
MinimumVisualStudioVersion = 10.0.40219.1
Project("{FAE04EC0-301F-11D3-BF4B-00C04F79EFBC}") = "C7_TriangleArea", "C7_TriangleArea\C7_TriangleArea.csproj", "{C850211A-6406-4C26-9B1E-101E71C6EAD3}"
EndProject
Global
	GlobalSection(SolutionConfigurationPlatforms) = preSolution
		Debug|Any CPU = Debug|Any CPU
		Release|Any CPU = Release|Any CPU
	EndGlobalSection
	GlobalSection(ProjectConfigurationPlatforms) = postSolution
		{C850211A-6406-4C26-9B1E-101E71C6EAD3}.Debug|Any CPU.ActiveCfg = Debug|Any CPU
		{C850211A-6406-4C26-9B1E-101E71C6EAD3}.Debug|Any CPU.Build.0 = Debug|Any CPU
		{C850211A-6406-4C26-9B1E-101E71C6EAD3}.Release|Any CPU.ActiveCfg = Release|Any CPU
		{C850211A-6406-4C26-9B1E-101E71C6EAD3}.Release|Any CPU.Build.0 = Release|Any CPU
	EndGlobalSection
	GlobalSection(SolutionProperties) = preSolution
		HideSolutionNode = FALSE
	EndGlobalSection
	GlobalSection(ExtensibilityGlobals) = postSolution
		SolutionGuid = {99C6AFC0-E4F6-405D-B594-E0AA61B26E54}
	EndGlobalSection
EndGlobal
