
Microsoft Visual Studio Solution File, Format Version 12.00
# Visual Studio 15
VisualStudioVersion = 15.0.28307.168
MinimumVisualStudioVersion = 10.0.40219.1
Project("{FAE04EC0-301F-11D3-BF4B-00C04F79EFBC}") = "C5_Variables", "C5_Variables\C5_Variables.csproj", "{F5C276EC-2222-4BEF-B985-3578B73CF139}"
EndProject
Global
	GlobalSection(SolutionConfigurationPlatforms) = preSolution
		Debug|Any CPU = Debug|Any CPU
		Release|Any CPU = Release|Any CPU
	EndGlobalSection
	GlobalSection(ProjectConfigurationPlatforms) = postSolution
		{F5C276EC-2222-4BEF-B985-3578B73CF139}.Debug|Any CPU.ActiveCfg = Debug|Any CPU
		{F5C276EC-2222-4BEF-B985-3578B73CF139}.Debug|Any CPU.Build.0 = Debug|Any CPU
		{F5C276EC-2222-4BEF-B985-3578B73CF139}.Release|Any CPU.ActiveCfg = Release|Any CPU
		{F5C276EC-2222-4BEF-B985-3578B73CF139}.Release|Any CPU.Build.0 = Release|Any CPU
	EndGlobalSection
	GlobalSection(SolutionProperties) = preSolution
		HideSolutionNode = FALSE
	EndGlobalSection
	GlobalSection(ExtensibilityGlobals) = postSolution
		SolutionGuid = {CBF5686B-4B4C-4E7E-9D85-D1FB2DE1B5F9}
	EndGlobalSection
EndGlobal
