
Microsoft Visual Studio Solution File, Format Version 12.00
# Visual Studio 15
VisualStudioVersion = 15.0.28307.168
MinimumVisualStudioVersion = 10.0.40219.1
Project("{FAE04EC0-301F-11D3-BF4B-00C04F79EFBC}") = "C8_Cylinders", "C8_Cylinders\C8_Cylinders.csproj", "{4B477B3A-E9EB-416E-B0CC-429188143DB7}"
EndProject
Global
	GlobalSection(SolutionConfigurationPlatforms) = preSolution
		Debug|Any CPU = Debug|Any CPU
		Release|Any CPU = Release|Any CPU
	EndGlobalSection
	GlobalSection(ProjectConfigurationPlatforms) = postSolution
		{4B477B3A-E9EB-416E-B0CC-429188143DB7}.Debug|Any CPU.ActiveCfg = Debug|Any CPU
		{4B477B3A-E9EB-416E-B0CC-429188143DB7}.Debug|Any CPU.Build.0 = Debug|Any CPU
		{4B477B3A-E9EB-416E-B0CC-429188143DB7}.Release|Any CPU.ActiveCfg = Release|Any CPU
		{4B477B3A-E9EB-416E-B0CC-429188143DB7}.Release|Any CPU.Build.0 = Release|Any CPU
	EndGlobalSection
	GlobalSection(SolutionProperties) = preSolution
		HideSolutionNode = FALSE
	EndGlobalSection
	GlobalSection(ExtensibilityGlobals) = postSolution
		SolutionGuid = {61F1421B-4B01-431C-9D6E-9276B10E3382}
	EndGlobalSection
EndGlobal
